
Microsoft Visual Studio Solution File, Format Version 12.00
# Visual Studio Version 16
VisualStudioVersion = 16.0.31112.23
MinimumVisualStudioVersion = 10.0.40219.1
Project("{9A19103F-16F7-4668-BE54-9A1E7A4F7556}") = "Blog.Generator", "Blog.Generator\Blog.Generator.csproj", "{BAEC9C76-28B5-4A3B-A446-A2216D266F07}"
EndProject
Project("{FAE04EC0-301F-11D3-BF4B-00C04F79EFBC}") = "Blog.Web", "Blog.Web\Blog.Web.csproj", "{A154BEE0-1D1B-419E-B302-45804DFFD768}"
EndProject
Project("{2150E333-8FDC-42A3-9474-1A3956D46DE8}") = "Solution Items", "Solution Items", "{96CB0347-8156-47E2-B933-91B639FAD436}"
	ProjectSection(SolutionItems) = preProject
		..\.github\workflows\main_wjcustode-blog.yml = ..\.github\workflows\main_wjcustode-blog.yml
	EndProjectSection
EndProject
Global
	GlobalSection(SolutionConfigurationPlatforms) = preSolution
		Debug|Any CPU = Debug|Any CPU
		Release|Any CPU = Release|Any CPU
	EndGlobalSection
	GlobalSection(ProjectConfigurationPlatforms) = postSolution
		{BAEC9C76-28B5-4A3B-A446-A2216D266F07}.Debug|Any CPU.ActiveCfg = Debug|Any CPU
		{BAEC9C76-28B5-4A3B-A446-A2216D266F07}.Debug|Any CPU.Build.0 = Debug|Any CPU
		{BAEC9C76-28B5-4A3B-A446-A2216D266F07}.Release|Any CPU.ActiveCfg = Release|Any CPU
		{BAEC9C76-28B5-4A3B-A446-A2216D266F07}.Release|Any CPU.Build.0 = Release|Any CPU
		{A154BEE0-1D1B-419E-B302-45804DFFD768}.Debug|Any CPU.ActiveCfg = Debug|Any CPU
		{A154BEE0-1D1B-419E-B302-45804DFFD768}.Debug|Any CPU.Build.0 = Debug|Any CPU
		{A154BEE0-1D1B-419E-B302-45804DFFD768}.Release|Any CPU.ActiveCfg = Release|Any CPU
		{A154BEE0-1D1B-419E-B302-45804DFFD768}.Release|Any CPU.Build.0 = Release|Any CPU
	EndGlobalSection
	GlobalSection(SolutionProperties) = preSolution
		HideSolutionNode = FALSE
	EndGlobalSection
	GlobalSection(ExtensibilityGlobals) = postSolution
		SolutionGuid = {D692B16F-3AD7-4C3C-A410-F4833A9784D8}
	EndGlobalSection
EndGlobal
